
Microsoft Visual Studio Solution File, Format Version 12.00
# Visual Studio Version 17
VisualStudioVersion = 17.3.32825.248
MinimumVisualStudioVersion = 10.0.40219.1
Project("{9A19103F-16F7-4668-BE54-9A1E7A4F7556}") = "Expense", "Expense.csproj", "{DE427BA5-30D1-422B-AB9C-92016259F878}"
EndProject
Project("{54435603-DBB4-11D2-8724-00A0C9A8B90C}") = "Setup", "..\Setup\Setup.vdproj", "{9D30669D-B7D2-4800-B127-5597D3A6A5C3}"
EndProject
Global
	GlobalSection(SolutionConfigurationPlatforms) = preSolution
		Debug|Any CPU = Debug|Any CPU
		Release|Any CPU = Release|Any CPU
	EndGlobalSection
	GlobalSection(ProjectConfigurationPlatforms) = postSolution
		{DE427BA5-30D1-422B-AB9C-92016259F878}.Debug|Any CPU.ActiveCfg = Debug|Any CPU
		{DE427BA5-30D1-422B-AB9C-92016259F878}.Debug|Any CPU.Build.0 = Debug|Any CPU
		{DE427BA5-30D1-422B-AB9C-92016259F878}.Release|Any CPU.ActiveCfg = Release|Any CPU
		{DE427BA5-30D1-422B-AB9C-92016259F878}.Release|Any CPU.Build.0 = Release|Any CPU
		{9D30669D-B7D2-4800-B127-5597D3A6A5C3}.Debug|Any CPU.ActiveCfg = Debug
		{9D30669D-B7D2-4800-B127-5597D3A6A5C3}.Release|Any CPU.ActiveCfg = Release
	EndGlobalSection
	GlobalSection(SolutionProperties) = preSolution
		HideSolutionNode = FALSE
	EndGlobalSection
	GlobalSection(ExtensibilityGlobals) = postSolution
		SolutionGuid = {84158B8D-55C8-44A3-8920-363C7A878479}
	EndGlobalSection
EndGlobal
